
Microsoft Visual Studio Solution File, Format Version 12.00
# Visual Studio Version 17
VisualStudioVersion = 17.10.35013.160
MinimumVisualStudioVersion = 10.0.40219.1
Project("{9A19103F-16F7-4668-BE54-9A1E7A4F7556}") = "CLIENTS_MANAGEMENT_SYSTEM.Module", "CLIENTS_MANAGEMENT_SYSTEM.Module\CLIENTS_MANAGEMENT_SYSTEM.Module.csproj", "{602604AF-79A7-4ACA-9BA7-7143CF6869F1}"
EndProject
Project("{9A19103F-16F7-4668-BE54-9A1E7A4F7556}") = "CLIENTS_MANAGEMENT_SYSTEM.Blazor.Server", "CLIENTS_MANAGEMENT_SYSTEM.Blazor.Server\CLIENTS_MANAGEMENT_SYSTEM.Blazor.Server.csproj", "{CC52718C-8231-4592-A10C-C33B05BF57BF}"
EndProject
Global
	GlobalSection(SolutionConfigurationPlatforms) = preSolution
		Debug|Any CPU = Debug|Any CPU
		EasyTest|Any CPU = EasyTest|Any CPU
		Release|Any CPU = Release|Any CPU
	EndGlobalSection
	GlobalSection(ProjectConfigurationPlatforms) = postSolution
		{602604AF-79A7-4ACA-9BA7-7143CF6869F1}.Debug|Any CPU.ActiveCfg = Debug|Any CPU
		{602604AF-79A7-4ACA-9BA7-7143CF6869F1}.Debug|Any CPU.Build.0 = Debug|Any CPU
		{602604AF-79A7-4ACA-9BA7-7143CF6869F1}.EasyTest|Any CPU.ActiveCfg = EasyTest|Any CPU
		{602604AF-79A7-4ACA-9BA7-7143CF6869F1}.EasyTest|Any CPU.Build.0 = EasyTest|Any CPU
		{602604AF-79A7-4ACA-9BA7-7143CF6869F1}.Release|Any CPU.ActiveCfg = Release|Any CPU
		{602604AF-79A7-4ACA-9BA7-7143CF6869F1}.Release|Any CPU.Build.0 = Release|Any CPU
		{CC52718C-8231-4592-A10C-C33B05BF57BF}.Debug|Any CPU.ActiveCfg = Debug|Any CPU
		{CC52718C-8231-4592-A10C-C33B05BF57BF}.Debug|Any CPU.Build.0 = Debug|Any CPU
		{CC52718C-8231-4592-A10C-C33B05BF57BF}.EasyTest|Any CPU.ActiveCfg = EasyTest|Any CPU
		{CC52718C-8231-4592-A10C-C33B05BF57BF}.EasyTest|Any CPU.Build.0 = EasyTest|Any CPU
		{CC52718C-8231-4592-A10C-C33B05BF57BF}.Release|Any CPU.ActiveCfg = Release|Any CPU
		{CC52718C-8231-4592-A10C-C33B05BF57BF}.Release|Any CPU.Build.0 = Release|Any CPU
	EndGlobalSection
	GlobalSection(SolutionProperties) = preSolution
		HideSolutionNode = FALSE
	EndGlobalSection
	GlobalSection(ExtensibilityGlobals) = postSolution
		SolutionGuid = {8860B0F3-60D8-49EA-895C-B409796BC098}
	EndGlobalSection
EndGlobal
